// !$*UTF8*$!
{
	archiveVersion = 1;
	classes = {
	};
	objectVersion = 46;
	objects = {

/* Begin PBXBuildFile section */
		870ABAA61C76B025005F4FC6 /* AppDelegate.swift in Sources */ = {isa = PBXBuildFile; fileRef = 870ABAA51C76B025005F4FC6 /* AppDelegate.swift */; };
		870ABAA81C76B025005F4FC6 /* ViewController.swift in Sources */ = {isa = PBXBuildFile; fileRef = 870ABAA71C76B025005F4FC6 /* ViewController.swift */; };
		870ABAAB1C76B026005F4FC6 /* Main.storyboard in Resources */ = {isa = PBXBuildFile; fileRef = 870ABAA91C76B026005F4FC6 /* Main.storyboard */; };
		870ABAAD1C76B026005F4FC6 /* Assets.xcassets in Resources */ = {isa = PBXBuildFile; fileRef = 870ABAAC1C76B026005F4FC6 /* Assets.xcassets */; };
		870ABAB01C76B026005F4FC6 /* LaunchScreen.storyboard in Resources */ = {isa = PBXBuildFile; fileRef = 870ABAAE1C76B026005F4FC6 /* LaunchScreen.storyboard */; };
		870ABAB91C76B295005F4FC6 /* CustomTableViewCell.swift in Sources */ = {isa = PBXBuildFile; fileRef = 870ABAB71C76B295005F4FC6 /* CustomTableViewCell.swift */; };
		870ABABC1C76B751005F4FC6 /* tommy.png in Resources */ = {isa = PBXBuildFile; fileRef = 870ABABB1C76B751005F4FC6 /* tommy.png */; };
		870ABABE1C76F17A005F4FC6 /* CoreSpotlight.framework in Frameworks */ = {isa = PBXBuildFile; fileRef = 870ABABD1C76F17A005F4FC6 /* CoreSpotlight.framework */; };
		870ABAC01C76F1AE005F4FC6 /* DetailViewController.swift in Sources */ = {isa = PBXBuildFile; fileRef = 870ABABF1C76F1AE005F4FC6 /* DetailViewController.swift */; };
/* End PBXBuildFile section */

/* Begin PBXFileReference section */
		870ABAA21C76B025005F4FC6 /* SpotlightDemo.app */ = {isa = PBXFileReference; explicitFileType = wrapper.application; includeInIndex = 0; path = SpotlightDemo.app; sourceTree = BUILT_PRODUCTS_DIR; };
		870ABAA51C76B025005F4FC6 /* AppDelegate.swift */ = {isa = PBXFileReference; lastKnownFileType = sourcecode.swift; path = AppDelegate.swift; sourceTree = "<group>"; };
		870ABAA71C76B025005F4FC6 /* ViewController.swift */ = {isa = PBXFileReference; lastKnownFileType = sourcecode.swift; path = ViewController.swift; sourceTree = "<group>"; };
		870ABAAA1C76B026005F4FC6 /* Base */ = {isa = PBXFileReference; lastKnownFileType = file.storyboard; name = Base; path = Base.lproj/Main.storyboard; sourceTree = "<group>"; };
		870ABAAC1C76B026005F4FC6 /* Assets.xcassets */ = {isa = PBXFileReference; lastKnownFileType = folder.assetcatalog; path = Assets.xcassets; sourceTree = "<group>"; };
		870ABAAF1C76B026005F4FC6 /* Base */ = {isa = PBXFileReference; lastKnownFileType = file.storyboard; name = Base; path = Base.lproj/LaunchScreen.storyboard; sourceTree = "<group>"; };
		870ABAB11C76B026005F4FC6 /* Info.plist */ = {isa = PBXFileReference; lastKnownFileType = text.plist.xml; path = Info.plist; sourceTree = "<group>"; };
		870ABAB71C76B295005F4FC6 /* CustomTableViewCell.swift */ = {isa = PBXFileReference; fileEncoding = 4; lastKnownFileType = sourcecode.swift; path = CustomTableViewCell.swift; sourceTree = "<group>"; };
		870ABABB1C76B751005F4FC6 /* tommy.png */ = {isa = PBXFileReference; lastKnownFileType = image.png; path = tommy.png; sourceTree = "<group>"; };
		870ABABD1C76F17A005F4FC6 /* CoreSpotlight.framework */ = {isa = PBXFileReference; lastKnownFileType = wrapper.framework; name = CoreSpotlight.framework; path = System/Library/Frameworks/CoreSpotlight.framework; sourceTree = SDKROOT; };
		870ABABF1C76F1AE005F4FC6 /* DetailViewController.swift */ = {isa = PBXFileReference; fileEncoding = 4; lastKnownFileType = sourcecode.swift; path = DetailViewController.swift; sourceTree = "<group>"; };
/* End PBXFileReference section */

/* Begin PBXFrameworksBuildPhase section */
		870ABA9F1C76B025005F4FC6 /* Frameworks */ = {
			isa = PBXFrameworksBuildPhase;
			buildActionMask = 2147483647;
			files = (
				870ABABE1C76F17A005F4FC6 /* CoreSpotlight.framework in Frameworks */,
			);
			runOnlyForDeploymentPostprocessing = 0;
		};
/* End PBXFrameworksBuildPhase section */

/* Begin PBXGroup section */
		870ABA991C76B025005F4FC6 = {
			isa = PBXGroup;
			children = (
				870ABABD1C76F17A005F4FC6 /* CoreSpotlight.framework */,
				870ABAA41C76B025005F4FC6 /* SpotlightDemo */,
				870ABAA31C76B025005F4FC6 /* Products */,
			);
			sourceTree = "<group>";
		};
		870ABAA31C76B025005F4FC6 /* Products */ = {
			isa = PBXGroup;
			children = (
				870ABAA21C76B025005F4FC6 /* SpotlightDemo.app */,
			);
			name = Products;
			sourceTree = "<group>";
		};
		870ABAA41C76B025005F4FC6 /* SpotlightDemo */ = {
			isa = PBXGroup;
			children = (
				870ABAA51C76B025005F4FC6 /* AppDelegate.swift */,
				870ABAA71C76B025005F4FC6 /* ViewController.swift */,
				870ABAA91C76B026005F4FC6 /* Main.storyboard */,
				870ABABB1C76B751005F4FC6 /* tommy.png */,
				870ABAB71C76B295005F4FC6 /* CustomTableViewCell.swift */,
				870ABABF1C76F1AE005F4FC6 /* DetailViewController.swift */,
				870ABAAC1C76B026005F4FC6 /* Assets.xcassets */,
				870ABAAE1C76B026005F4FC6 /* LaunchScreen.storyboard */,
				870ABAB11C76B026005F4FC6 /* Info.plist */,
			);
			path = SpotlightDemo;
			sourceTree = "<group>";
		};
/* End PBXGroup section */

/* Begin PBXNativeTarget section */
		870ABAA11C76B025005F4FC6 /* SpotlightDemo */ = {
			isa = PBXNativeTarget;
			buildConfigurationList = 870ABAB41C76B026005F4FC6 /* Build configuration list for PBXNativeTarget "SpotlightDemo" */;
			buildPhases = (
				870ABA9E1C76B025005F4FC6 /* Sources */,
				870ABA9F1C76B025005F4FC6 /* Frameworks */,
				870ABAA01C76B025005F4FC6 /* Resources */,
			);
			buildRules = (
			);
			dependencies = (
			);
			name = SpotlightDemo;
			productName = SpotlightDemo;
			productReference = 870ABAA21C76B025005F4FC6 /* SpotlightDemo.app */;
			productType = "com.apple.product-type.application";
		};
/* End PBXNativeTarget section */

/* Begin PBXProject section */
		870ABA9A1C76B025005F4FC6 /* Project object */ = {
			isa = PBXProject;
			attributes = {
				LastSwiftUpdateCheck = 0720;
				LastUpgradeCheck = 0720;
				ORGANIZATIONNAME = com.yy.www;
				TargetAttributes = {
					870ABAA11C76B025005F4FC6 = {
						CreatedOnToolsVersion = 7.2;
					};
				};
			};
			buildConfigurationList = 870ABA9D1C76B025005F4FC6 /* Build configuration list for PBXProject "SpotlightDemo" */;
			compatibilityVersion = "Xcode 3.2";
			developmentRegion = English;
			hasScannedForEncodings = 0;
			knownRegions = (
				en,
				Base,
			);
			mainGroup = 870ABA991C76B025005F4FC6;
			productRefGroup = 870ABAA31C76B025005F4FC6 /* Products */;
			projectDirPath = "";
			projectRoot = "";
			targets = (
				870ABAA11C76B025005F4FC6 /* SpotlightDemo */,
			);
		};
/* End PBXProject section */

/* Begin PBXResourcesBuildPhase section */
		870ABAA01C76B025005F4FC6 /* Resources */ = {
			isa = PBXResourcesBuildPhase;
			buildActionMask = 2147483647;
			files = (
				870ABAB01C76B026005F4FC6 /* LaunchScreen.storyboard in Resources */,
				870ABAAD1C76B026005F4FC6 /* Assets.xcassets in Resources */,
				870ABABC1C76B751005F4FC6 /* tommy.png in Resources */,
				870ABAAB1C76B026005F4FC6 /* Main.storyboard in Resources */,
			);
			runOnlyForDeploymentPostprocessing = 0;
		};
/* End PBXResourcesBuildPhase section */

/* Begin PBXSourcesBuildPhase section */
		870ABA9E1C76B025005F4FC6 /* Sources */ = {
			isa = PBXSourcesBuildPhase;
			buildActionMask = 2147483647;
			files = (
				870ABAB91C76B295005F4FC6 /* CustomTableViewCell.swift in Sources */,
				870ABAA81C76B025005F4FC6 /* ViewController.swift in Sources */,
				870ABAA61C76B025005F4FC6 /* AppDelegate.swift in Sources */,
				870ABAC01C76F1AE005F4FC6 /* DetailViewController.swift in Sources */,
			);
			runOnlyForDeploymentPostprocessing = 0;
		};
/* End PBXSourcesBuildPhase section */

/* Begin PBXVariantGroup section */
		870ABAA91C76B026005F4FC6 /* Main.storyboard */ = {
			isa = PBXVariantGroup;
			children = (
				870ABAAA1C76B026005F4FC6 /* Base */,
			);
			name = Main.storyboard;
			sourceTree = "<group>";
		};
		870ABAAE1C76B026005F4FC6 /* LaunchScreen.storyboard */ = {
			isa = PBXVariantGroup;
			children = (
				870ABAAF1C76B026005F4FC6 /* Base */,
			);
			name = LaunchScreen.storyboard;
			sourceTree = "<group>";
		};
/* End PBXVariantGroup section */

/* Begin XCBuildConfiguration section */
		870ABAB21C76B026005F4FC6 /* Debug */ = {
			isa = XCBuildConfiguration;
			buildSettings = {
				ALWAYS_SEARCH_USER_PATHS = NO;
				CLANG_CXX_LANGUAGE_STANDARD = "gnu++0x";
				CLANG_CXX_LIBRARY = "libc++";
				CLANG_ENABLE_MODULES = YES;
				CLANG_ENABLE_OBJC_ARC = YES;
				CLANG_WARN_BOOL_CONVERSION = YES;
				CLANG_WARN_CONSTANT_CONVERSION = YES;
				CLANG_WARN_DIRECT_OBJC_ISA_USAGE = YES_ERROR;
				CLANG_WARN_EMPTY_BODY = YES;
				CLANG_WARN_ENUM_CONVERSION = YES;
				CLANG_WARN_INT_CONVERSION = YES;
				CLANG_WARN_OBJC_ROOT_CLASS = YES_ERROR;
				CLANG_WARN_UNREACHABLE_CODE = YES;
				CLANG_WARN__DUPLICATE_METHOD_MATCH = YES;
				"CODE_SIGN_IDENTITY[sdk=iphoneos*]" = "iPhone Developer";
				COPY_PHASE_STRIP = NO;
				DEBUG_INFORMATION_FORMAT = dwarf;
				ENABLE_STRICT_OBJC_MSGSEND = YES;
				ENABLE_TESTABILITY = YES;
				GCC_C_LANGUAGE_STANDARD = gnu99;
				GCC_DYNAMIC_NO_PIC = NO;
				GCC_NO_COMMON_BLOCKS = YES;
				GCC_OPTIMIZATION_LEVEL = 0;
				GCC_PREPROCESSOR_DEFINITIONS = (
					"DEBUG=1",
					"$(inherited)",
				);
				GCC_WARN_64_TO_32_BIT_CONVERSION = YES;
				GCC_WARN_ABOUT_RETURN_TYPE = YES_ERROR;
				GCC_WARN_UNDECLARED_SELECTOR = YES;
				GCC_WARN_UNINITIALIZED_AUTOS = YES_AGGRESSIVE;
				GCC_WARN_UNUSED_FUNCTION = YES;
				GCC_WARN_UNUSED_VARIABLE = YES;
				IPHONEOS_DEPLOYMENT_TARGET = 9.2;
				MTL_ENABLE_DEBUG_INFO = YES;
				ONLY_ACTIVE_ARCH = YES;
				SDKROOT = iphoneos;
				SWIFT_OPTIMIZATION_LEVEL = "-Onone";
				TARGETED_DEVICE_FAMILY = "1,2";
			};
			name = Debug;
		};
		870ABAB31C76B026005F4FC6 /* Release */ = {
			isa = XCBuildConfiguration;
			buildSettings = {
				ALWAYS_SEARCH_USER_PATHS = NO;
				CLANG_CXX_LANGUAGE_STANDARD = "gnu++0x";
				CLANG_CXX_LIBRARY = "libc++";
				CLANG_ENABLE_MODULES = YES;
				CLANG_ENABLE_OBJC_ARC = YES;
				CLANG_WARN_BOOL_CONVERSION = YES;
				CLANG_WARN_CONSTANT_CONVERSION = YES;
				CLANG_WARN_DIRECT_OBJC_ISA_USAGE = YES_ERROR;
				CLANG_WARN_EMPTY_BODY = YES;
				CLANG_WARN_ENUM_CONVERSION = YES;
				CLANG_WARN_INT_CONVERSION = YES;
				CLANG_WARN_OBJC_ROOT_CLASS = YES_ERROR;
				CLANG_WARN_UNREACHABLE_CODE = YES;
				CLANG_WARN__DUPLICATE_METHOD_MATCH = YES;
				"CODE_SIGN_IDENTITY[sdk=iphoneos*]" = "iPhone Developer";
				COPY_PHASE_STRIP = NO;
				DEBUG_INFORMATION_FORMAT = "dwarf-with-dsym";
				ENABLE_NS_ASSERTIONS = NO;
				ENABLE_STRICT_OBJC_MSGSEND = YES;
				GCC_C_LANGUAGE_STANDARD = gnu99;
				GCC_NO_COMMON_BLOCKS = YES;
				GCC_WARN_64_TO_32_BIT_CONVERSION = YES;
				GCC_WARN_ABOUT_RETURN_TYPE = YES_ERROR;
				GCC_WARN_UNDECLARED_SELECTOR = YES;
				GCC_WARN_UNINITIALIZED_AUTOS = YES_AGGRESSIVE;
				GCC_WARN_UNUSED_FUNCTION = YES;
				GCC_WARN_UNUSED_VARIABLE = YES;
				IPHONEOS_DEPLOYMENT_TARGET = 9.2;
				MTL_ENABLE_DEBUG_INFO = NO;
				SDKROOT = iphoneos;
				TARGETED_DEVICE_FAMILY = "1,2";
				VALIDATE_PRODUCT = YES;
			};
			name = Release;
		};
		870ABAB51C76B026005F4FC6 /* Debug */ = {
			isa = XCBuildConfiguration;
			buildSettings = {
				ASSETCATALOG_COMPILER_APPICON_NAME = AppIcon;
				INFOPLIST_FILE = SpotlightDemo/Info.plist;
				LD_RUNPATH_SEARCH_PATHS = "$(inherited) @executable_path/Frameworks";
				PRODUCT_BUNDLE_IDENTIFIER = com.yy.spotlight.demo;
				PRODUCT_NAME = "$(TARGET_NAME)";
			};
			name = Debug;
		};
		870ABAB61C76B026005F4FC6 /* Release */ = {
			isa = XCBuildConfiguration;
			buildSettings = {
				ASSETCATALOG_COMPILER_APPICON_NAME = AppIcon;
				INFOPLIST_FILE = SpotlightDemo/Info.plist;
				LD_RUNPATH_SEARCH_PATHS = "$(inherited) @executable_path/Frameworks";
				PRODUCT_BUNDLE_IDENTIFIER = com.yy.spotlight.demo;
				PRODUCT_NAME = "$(TARGET_NAME)";
			};
			name = Release;
		};
/* End XCBuildConfiguration section */

/* Begin XCConfigurationList section */
		870ABA9D1C76B025005F4FC6 /* Build configuration list for PBXProject "SpotlightDemo" */ = {
			isa = XCConfigurationList;
			buildConfigurations = (
				870ABAB21C76B026005F4FC6 /* Debug */,
				870ABAB31C76B026005F4FC6 /* Release */,
			);
			defaultConfigurationIsVisible = 0;
			defaultConfigurationName = Release;
		};
		870ABAB41C76B026005F4FC6 /* Build configuration list for PBXNativeTarget "SpotlightDemo" */ = {
			isa = XCConfigurationList;
			buildConfigurations = (
				870ABAB51C76B026005F4FC6 /* Debug */,
				870ABAB61C76B026005F4FC6 /* Release */,
			);
			defaultConfigurationIsVisible = 0;
			defaultConfigurationName = Release;
		};
/* End XCConfigurationList section */
	};
	rootObject = 870ABA9A1C76B025005F4FC6 /* Project object */;
}
